
Microsoft Visual Studio Solution File, Format Version 12.00
# Visual Studio Version 17
VisualStudioVersion = 17.9.34728.123
MinimumVisualStudioVersion = 10.0.40219.1
Project("{FAE04EC0-301F-11D3-BF4B-00C04F79EFBC}") = "RecipeApp", "RecipeApp.csproj", "{8497E4FD-B662-462B-9444-B542478B70F5}"
EndProject
Global
	GlobalSection(SolutionConfigurationPlatforms) = preSolution
		Debug|Any CPU = Debug|Any CPU
		Release|Any CPU = Release|Any CPU
	EndGlobalSection
	GlobalSection(ProjectConfigurationPlatforms) = postSolution
		{8497E4FD-B662-462B-9444-B542478B70F5}.Debug|Any CPU.ActiveCfg = Debug|Any CPU
		{8497E4FD-B662-462B-9444-B542478B70F5}.Debug|Any CPU.Build.0 = Debug|Any CPU
		{8497E4FD-B662-462B-9444-B542478B70F5}.Release|Any CPU.ActiveCfg = Release|Any CPU
		{8497E4FD-B662-462B-9444-B542478B70F5}.Release|Any CPU.Build.0 = Release|Any CPU
	EndGlobalSection
	GlobalSection(SolutionProperties) = preSolution
		HideSolutionNode = FALSE
	EndGlobalSection
	GlobalSection(ExtensibilityGlobals) = postSolution
		SolutionGuid = {3165E075-8E89-404F-9538-FF20958F0A98}
	EndGlobalSection
EndGlobal
